
Microsoft Visual Studio Solution File, Format Version 12.00
# Visual Studio Version 16
VisualStudioVersion = 16.0.33423.256
MinimumVisualStudioVersion = 10.0.40219.1
Project("{9092AA53-FB77-4645-B42D-1CCCA6BD08BD}") = "MusicPlayer", "MusicPlayer\MusicPlayer.njsproj", "{9635C14B-2C9A-44DA-8ECE-63B3081FE7AA}"
EndProject
Global
	GlobalSection(SolutionConfigurationPlatforms) = preSolution
		Debug|Any CPU = Debug|Any CPU
		Release|Any CPU = Release|Any CPU
	EndGlobalSection
	GlobalSection(ProjectConfigurationPlatforms) = postSolution
		{9635C14B-2C9A-44DA-8ECE-63B3081FE7AA}.Debug|Any CPU.ActiveCfg = Debug|Any CPU
		{9635C14B-2C9A-44DA-8ECE-63B3081FE7AA}.Debug|Any CPU.Build.0 = Debug|Any CPU
		{9635C14B-2C9A-44DA-8ECE-63B3081FE7AA}.Release|Any CPU.ActiveCfg = Release|Any CPU
		{9635C14B-2C9A-44DA-8ECE-63B3081FE7AA}.Release|Any CPU.Build.0 = Release|Any CPU
	EndGlobalSection
	GlobalSection(SolutionProperties) = preSolution
		HideSolutionNode = FALSE
	EndGlobalSection
	GlobalSection(ExtensibilityGlobals) = postSolution
		SolutionGuid = {78234A85-8981-4090-8B52-36D84A98E00D}
	EndGlobalSection
EndGlobal
